
Microsoft Visual Studio Solution File, Format Version 12.00
# Visual Studio Version 16
VisualStudioVersion = 16.0.31321.278
MinimumVisualStudioVersion = 10.0.40219.1
Project("{FAE04EC0-301F-11D3-BF4B-00C04F79EFBC}") = "BeautifulJapan", "BeautifulJapan\BeautifulJapan.csproj", "{46649F14-2AF3-48DF-AE0A-06D0E628015C}"
EndProject
Global
	GlobalSection(SolutionConfigurationPlatforms) = preSolution
		Debug|Any CPU = Debug|Any CPU
		Release|Any CPU = Release|Any CPU
	EndGlobalSection
	GlobalSection(ProjectConfigurationPlatforms) = postSolution
		{46649F14-2AF3-48DF-AE0A-06D0E628015C}.Debug|Any CPU.ActiveCfg = Debug|Any CPU
		{46649F14-2AF3-48DF-AE0A-06D0E628015C}.Debug|Any CPU.Build.0 = Debug|Any CPU
		{46649F14-2AF3-48DF-AE0A-06D0E628015C}.Release|Any CPU.ActiveCfg = Release|Any CPU
		{46649F14-2AF3-48DF-AE0A-06D0E628015C}.Release|Any CPU.Build.0 = Release|Any CPU
	EndGlobalSection
	GlobalSection(SolutionProperties) = preSolution
		HideSolutionNode = FALSE
	EndGlobalSection
	GlobalSection(ExtensibilityGlobals) = postSolution
		SolutionGuid = {941EFF10-D140-4B3F-ACE1-911A948D8F6C}
	EndGlobalSection
EndGlobal
